// !$*UTF8*$!
{
	archiveVersion = 1;
	classes = {
	};
	objectVersion = 50;
	objects = {

/* Begin PBXBuildFile section */
		5F5AAF3523837E16005D6432 /* AppDelegate.m in Sources */ = {isa = PBXBuildFile; fileRef = 5F5AAF3423837E16005D6432 /* AppDelegate.m */; };
		5F5AAF3823837E16005D6432 /* ViewController.m in Sources */ = {isa = PBXBuildFile; fileRef = 5F5AAF3723837E16005D6432 /* ViewController.m */; };
		5F5AAF3B23837E17005D6432 /* Main.storyboard in Resources */ = {isa = PBXBuildFile; fileRef = 5F5AAF3923837E17005D6432 /* Main.storyboard */; };
		5F5AAF3D23837E18005D6432 /* Assets.xcassets in Resources */ = {isa = PBXBuildFile; fileRef = 5F5AAF3C23837E18005D6432 /* Assets.xcassets */; };
		5F5AAF4023837E18005D6432 /* LaunchScreen.storyboard in Resources */ = {isa = PBXBuildFile; fileRef = 5F5AAF3E23837E18005D6432 /* LaunchScreen.storyboard */; };
		5F5AAF4323837E18005D6432 /* main.m in Sources */ = {isa = PBXBuildFile; fileRef = 5F5AAF4223837E18005D6432 /* main.m */; };
		5F5AAF4B238381B4005D6432 /* part2.mp4 in Resources */ = {isa = PBXBuildFile; fileRef = 5F5AAF4A238381B3005D6432 /* part2.mp4 */; };
		5F5AAF5623838D45005D6432 /* SVRadialGradientLayer.m in Sources */ = {isa = PBXBuildFile; fileRef = 5F5AAF4D23838D45005D6432 /* SVRadialGradientLayer.m */; };
		5F5AAF5723838D45005D6432 /* SVProgressAnimatedView.m in Sources */ = {isa = PBXBuildFile; fileRef = 5F5AAF5023838D45005D6432 /* SVProgressAnimatedView.m */; };
		5F5AAF5823838D45005D6432 /* SVProgressHUD.m in Sources */ = {isa = PBXBuildFile; fileRef = 5F5AAF5223838D45005D6432 /* SVProgressHUD.m */; };
		5F5AAF5923838D45005D6432 /* SVIndefiniteAnimatedView.m in Sources */ = {isa = PBXBuildFile; fileRef = 5F5AAF5323838D45005D6432 /* SVIndefiniteAnimatedView.m */; };
		5F5AAF5A23838D45005D6432 /* SVProgressHUD.bundle in Resources */ = {isa = PBXBuildFile; fileRef = 5F5AAF5423838D45005D6432 /* SVProgressHUD.bundle */; };
/* End PBXBuildFile section */

/* Begin PBXFileReference section */
		5F5AAF3023837E16005D6432 /* ExtractAudioAndVideoFromVideoProject.app */ = {isa = PBXFileReference; explicitFileType = wrapper.application; includeInIndex = 0; path = ExtractAudioAndVideoFromVideoProject.app; sourceTree = BUILT_PRODUCTS_DIR; };
		5F5AAF3323837E16005D6432 /* AppDelegate.h */ = {isa = PBXFileReference; lastKnownFileType = sourcecode.c.h; path = AppDelegate.h; sourceTree = "<group>"; };
		5F5AAF3423837E16005D6432 /* AppDelegate.m */ = {isa = PBXFileReference; lastKnownFileType = sourcecode.c.objc; path = AppDelegate.m; sourceTree = "<group>"; };
		5F5AAF3623837E16005D6432 /* ViewController.h */ = {isa = PBXFileReference; lastKnownFileType = sourcecode.c.h; path = ViewController.h; sourceTree = "<group>"; };
		5F5AAF3723837E16005D6432 /* ViewController.m */ = {isa = PBXFileReference; lastKnownFileType = sourcecode.c.objc; path = ViewController.m; sourceTree = "<group>"; };
		5F5AAF3A23837E17005D6432 /* Base */ = {isa = PBXFileReference; lastKnownFileType = file.storyboard; name = Base; path = Base.lproj/Main.storyboard; sourceTree = "<group>"; };
		5F5AAF3C23837E18005D6432 /* Assets.xcassets */ = {isa = PBXFileReference; lastKnownFileType = folder.assetcatalog; path = Assets.xcassets; sourceTree = "<group>"; };
		5F5AAF3F23837E18005D6432 /* Base */ = {isa = PBXFileReference; lastKnownFileType = file.storyboard; name = Base; path = Base.lproj/LaunchScreen.storyboard; sourceTree = "<group>"; };
		5F5AAF4123837E18005D6432 /* Info.plist */ = {isa = PBXFileReference; lastKnownFileType = text.plist.xml; path = Info.plist; sourceTree = "<group>"; };
		5F5AAF4223837E18005D6432 /* main.m */ = {isa = PBXFileReference; lastKnownFileType = sourcecode.c.objc; path = main.m; sourceTree = "<group>"; };
		5F5AAF4A238381B3005D6432 /* part2.mp4 */ = {isa = PBXFileReference; lastKnownFileType = file; path = part2.mp4; sourceTree = "<group>"; };
		5F5AAF4D23838D45005D6432 /* SVRadialGradientLayer.m */ = {isa = PBXFileReference; fileEncoding = 4; lastKnownFileType = sourcecode.c.objc; path = SVRadialGradientLayer.m; sourceTree = "<group>"; };
		5F5AAF4E23838D45005D6432 /* SVIndefiniteAnimatedView.h */ = {isa = PBXFileReference; fileEncoding = 4; lastKnownFileType = sourcecode.c.h; path = SVIndefiniteAnimatedView.h; sourceTree = "<group>"; };
		5F5AAF4F23838D45005D6432 /* SVProgressHUD.h */ = {isa = PBXFileReference; fileEncoding = 4; lastKnownFileType = sourcecode.c.h; path = SVProgressHUD.h; sourceTree = "<group>"; };
		5F5AAF5023838D45005D6432 /* SVProgressAnimatedView.m */ = {isa = PBXFileReference; fileEncoding = 4; lastKnownFileType = sourcecode.c.objc; path = SVProgressAnimatedView.m; sourceTree = "<group>"; };
		5F5AAF5123838D45005D6432 /* SVRadialGradientLayer.h */ = {isa = PBXFileReference; fileEncoding = 4; lastKnownFileType = sourcecode.c.h; path = SVRadialGradientLayer.h; sourceTree = "<group>"; };
		5F5AAF5223838D45005D6432 /* SVProgressHUD.m */ = {isa = PBXFileReference; fileEncoding = 4; lastKnownFileType = sourcecode.c.objc; path = SVProgressHUD.m; sourceTree = "<group>"; };
		5F5AAF5323838D45005D6432 /* SVIndefiniteAnimatedView.m */ = {isa = PBXFileReference; fileEncoding = 4; lastKnownFileType = sourcecode.c.objc; path = SVIndefiniteAnimatedView.m; sourceTree = "<group>"; };
		5F5AAF5423838D45005D6432 /* SVProgressHUD.bundle */ = {isa = PBXFileReference; lastKnownFileType = "wrapper.plug-in"; path = SVProgressHUD.bundle; sourceTree = "<group>"; };
		5F5AAF5523838D45005D6432 /* SVProgressAnimatedView.h */ = {isa = PBXFileReference; fileEncoding = 4; lastKnownFileType = sourcecode.c.h; path = SVProgressAnimatedView.h; sourceTree = "<group>"; };
/* End PBXFileReference section */

/* Begin PBXFrameworksBuildPhase section */
		5F5AAF2D23837E16005D6432 /* Frameworks */ = {
			isa = PBXFrameworksBuildPhase;
			buildActionMask = 2147483647;
			files = (
			);
			runOnlyForDeploymentPostprocessing = 0;
		};
/* End PBXFrameworksBuildPhase section */

/* Begin PBXGroup section */
		5F5AAF2723837E16005D6432 = {
			isa = PBXGroup;
			children = (
				5F5AAF3223837E16005D6432 /* ExtractAudioAndVideoFromVideoProject */,
				5F5AAF3123837E16005D6432 /* Products */,
			);
			sourceTree = "<group>";
		};
		5F5AAF3123837E16005D6432 /* Products */ = {
			isa = PBXGroup;
			children = (
				5F5AAF3023837E16005D6432 /* ExtractAudioAndVideoFromVideoProject.app */,
			);
			name = Products;
			sourceTree = "<group>";
		};
		5F5AAF3223837E16005D6432 /* ExtractAudioAndVideoFromVideoProject */ = {
			isa = PBXGroup;
			children = (
				5F5AAF4C23838D45005D6432 /* SVProgressHUD */,
				5F5AAF4923838199005D6432 /* resource */,
				5F5AAF3323837E16005D6432 /* AppDelegate.h */,
				5F5AAF3423837E16005D6432 /* AppDelegate.m */,
				5F5AAF3623837E16005D6432 /* ViewController.h */,
				5F5AAF3723837E16005D6432 /* ViewController.m */,
				5F5AAF3923837E17005D6432 /* Main.storyboard */,
				5F5AAF3C23837E18005D6432 /* Assets.xcassets */,
				5F5AAF3E23837E18005D6432 /* LaunchScreen.storyboard */,
				5F5AAF4123837E18005D6432 /* Info.plist */,
				5F5AAF4223837E18005D6432 /* main.m */,
			);
			path = ExtractAudioAndVideoFromVideoProject;
			sourceTree = "<group>";
		};
		5F5AAF4923838199005D6432 /* resource */ = {
			isa = PBXGroup;
			children = (
				5F5AAF4A238381B3005D6432 /* part2.mp4 */,
			);
			path = resource;
			sourceTree = "<group>";
		};
		5F5AAF4C23838D45005D6432 /* SVProgressHUD */ = {
			isa = PBXGroup;
			children = (
				5F5AAF4D23838D45005D6432 /* SVRadialGradientLayer.m */,
				5F5AAF4E23838D45005D6432 /* SVIndefiniteAnimatedView.h */,
				5F5AAF4F23838D45005D6432 /* SVProgressHUD.h */,
				5F5AAF5023838D45005D6432 /* SVProgressAnimatedView.m */,
				5F5AAF5123838D45005D6432 /* SVRadialGradientLayer.h */,
				5F5AAF5223838D45005D6432 /* SVProgressHUD.m */,
				5F5AAF5323838D45005D6432 /* SVIndefiniteAnimatedView.m */,
				5F5AAF5423838D45005D6432 /* SVProgressHUD.bundle */,
				5F5AAF5523838D45005D6432 /* SVProgressAnimatedView.h */,
			);
			path = SVProgressHUD;
			sourceTree = "<group>";
		};
/* End PBXGroup section */

/* Begin PBXNativeTarget section */
		5F5AAF2F23837E16005D6432 /* ExtractAudioAndVideoFromVideoProject */ = {
			isa = PBXNativeTarget;
			buildConfigurationList = 5F5AAF4623837E18005D6432 /* Build configuration list for PBXNativeTarget "ExtractAudioAndVideoFromVideoProject" */;
			buildPhases = (
				5F5AAF2C23837E16005D6432 /* Sources */,
				5F5AAF2D23837E16005D6432 /* Frameworks */,
				5F5AAF2E23837E16005D6432 /* Resources */,
			);
			buildRules = (
			);
			dependencies = (
			);
			name = ExtractAudioAndVideoFromVideoProject;
			productName = ExtractAudioAndVideoFromVideoProject;
			productReference = 5F5AAF3023837E16005D6432 /* ExtractAudioAndVideoFromVideoProject.app */;
			productType = "com.apple.product-type.application";
		};
/* End PBXNativeTarget section */

/* Begin PBXProject section */
		5F5AAF2823837E16005D6432 /* Project object */ = {
			isa = PBXProject;
			attributes = {
				LastUpgradeCheck = 1030;
				ORGANIZATIONNAME = com.oc.shy;
				TargetAttributes = {
					5F5AAF2F23837E16005D6432 = {
						CreatedOnToolsVersion = 10.3;
					};
				};
			};
			buildConfigurationList = 5F5AAF2B23837E16005D6432 /* Build configuration list for PBXProject "ExtractAudioAndVideoFromVideoProject" */;
			compatibilityVersion = "Xcode 9.3";
			developmentRegion = en;
			hasScannedForEncodings = 0;
			knownRegions = (
				en,
				Base,
			);
			mainGroup = 5F5AAF2723837E16005D6432;
			productRefGroup = 5F5AAF3123837E16005D6432 /* Products */;
			projectDirPath = "";
			projectRoot = "";
			targets = (
				5F5AAF2F23837E16005D6432 /* ExtractAudioAndVideoFromVideoProject */,
			);
		};
/* End PBXProject section */

/* Begin PBXResourcesBuildPhase section */
		5F5AAF2E23837E16005D6432 /* Resources */ = {
			isa = PBXResourcesBuildPhase;
			buildActionMask = 2147483647;
			files = (
				5F5AAF5A23838D45005D6432 /* SVProgressHUD.bundle in Resources */,
				5F5AAF4023837E18005D6432 /* LaunchScreen.storyboard in Resources */,
				5F5AAF4B238381B4005D6432 /* part2.mp4 in Resources */,
				5F5AAF3D23837E18005D6432 /* Assets.xcassets in Resources */,
				5F5AAF3B23837E17005D6432 /* Main.storyboard in Resources */,
			);
			runOnlyForDeploymentPostprocessing = 0;
		};
/* End PBXResourcesBuildPhase section */

/* Begin PBXSourcesBuildPhase section */
		5F5AAF2C23837E16005D6432 /* Sources */ = {
			isa = PBXSourcesBuildPhase;
			buildActionMask = 2147483647;
			files = (
				5F5AAF3823837E16005D6432 /* ViewController.m in Sources */,
				5F5AAF5723838D45005D6432 /* SVProgressAnimatedView.m in Sources */,
				5F5AAF4323837E18005D6432 /* main.m in Sources */,
				5F5AAF3523837E16005D6432 /* AppDelegate.m in Sources */,
				5F5AAF5623838D45005D6432 /* SVRadialGradientLayer.m in Sources */,
				5F5AAF5923838D45005D6432 /* SVIndefiniteAnimatedView.m in Sources */,
				5F5AAF5823838D45005D6432 /* SVProgressHUD.m in Sources */,
			);
			runOnlyForDeploymentPostprocessing = 0;
		};
/* End PBXSourcesBuildPhase section */

/* Begin PBXVariantGroup section */
		5F5AAF3923837E17005D6432 /* Main.storyboard */ = {
			isa = PBXVariantGroup;
			children = (
				5F5AAF3A23837E17005D6432 /* Base */,
			);
			name = Main.storyboard;
			sourceTree = "<group>";
		};
		5F5AAF3E23837E18005D6432 /* LaunchScreen.storyboard */ = {
			isa = PBXVariantGroup;
			children = (
				5F5AAF3F23837E18005D6432 /* Base */,
			);
			name = LaunchScreen.storyboard;
			sourceTree = "<group>";
		};
/* End PBXVariantGroup section */

/* Begin XCBuildConfiguration section */
		5F5AAF4423837E18005D6432 /* Debug */ = {
			isa = XCBuildConfiguration;
			buildSettings = {
				ALWAYS_SEARCH_USER_PATHS = NO;
				CLANG_ANALYZER_NONNULL = YES;
				CLANG_ANALYZER_NUMBER_OBJECT_CONVERSION = YES_AGGRESSIVE;
				CLANG_CXX_LANGUAGE_STANDARD = "gnu++14";
				CLANG_CXX_LIBRARY = "libc++";
				CLANG_ENABLE_MODULES = YES;
				CLANG_ENABLE_OBJC_ARC = YES;
				CLANG_ENABLE_OBJC_WEAK = YES;
				CLANG_WARN_BLOCK_CAPTURE_AUTORELEASING = YES;
				CLANG_WARN_BOOL_CONVERSION = YES;
				CLANG_WARN_COMMA = YES;
				CLANG_WARN_CONSTANT_CONVERSION = YES;
				CLANG_WARN_DEPRECATED_OBJC_IMPLEMENTATIONS = YES;
				CLANG_WARN_DIRECT_OBJC_ISA_USAGE = YES_ERROR;
				CLANG_WARN_DOCUMENTATION_COMMENTS = YES;
				CLANG_WARN_EMPTY_BODY = YES;
				CLANG_WARN_ENUM_CONVERSION = YES;
				CLANG_WARN_INFINITE_RECURSION = YES;
				CLANG_WARN_INT_CONVERSION = YES;
				CLANG_WARN_NON_LITERAL_NULL_CONVERSION = YES;
				CLANG_WARN_OBJC_IMPLICIT_RETAIN_SELF = YES;
				CLANG_WARN_OBJC_LITERAL_CONVERSION = YES;
				CLANG_WARN_OBJC_ROOT_CLASS = YES_ERROR;
				CLANG_WARN_RANGE_LOOP_ANALYSIS = YES;
				CLANG_WARN_STRICT_PROTOTYPES = YES;
				CLANG_WARN_SUSPICIOUS_MOVE = YES;
				CLANG_WARN_UNGUARDED_AVAILABILITY = YES_AGGRESSIVE;
				CLANG_WARN_UNREACHABLE_CODE = YES;
				CLANG_WARN__DUPLICATE_METHOD_MATCH = YES;
				CODE_SIGN_IDENTITY = "iPhone Developer";
				COPY_PHASE_STRIP = NO;
				DEBUG_INFORMATION_FORMAT = dwarf;
				ENABLE_STRICT_OBJC_MSGSEND = YES;
				ENABLE_TESTABILITY = YES;
				GCC_C_LANGUAGE_STANDARD = gnu11;
				GCC_DYNAMIC_NO_PIC = NO;
				GCC_NO_COMMON_BLOCKS = YES;
				GCC_OPTIMIZATION_LEVEL = 0;
				GCC_PREPROCESSOR_DEFINITIONS = (
					"DEBUG=1",
					"$(inherited)",
				);
				GCC_WARN_64_TO_32_BIT_CONVERSION = YES;
				GCC_WARN_ABOUT_RETURN_TYPE = YES_ERROR;
				GCC_WARN_UNDECLARED_SELECTOR = YES;
				GCC_WARN_UNINITIALIZED_AUTOS = YES_AGGRESSIVE;
				GCC_WARN_UNUSED_FUNCTION = YES;
				GCC_WARN_UNUSED_VARIABLE = YES;
				IPHONEOS_DEPLOYMENT_TARGET = 12.4;
				MTL_ENABLE_DEBUG_INFO = INCLUDE_SOURCE;
				MTL_FAST_MATH = YES;
				ONLY_ACTIVE_ARCH = YES;
				SDKROOT = iphoneos;
			};
			name = Debug;
		};
		5F5AAF4523837E18005D6432 /* Release */ = {
			isa = XCBuildConfiguration;
			buildSettings = {
				ALWAYS_SEARCH_USER_PATHS = NO;
				CLANG_ANALYZER_NONNULL = YES;
				CLANG_ANALYZER_NUMBER_OBJECT_CONVERSION = YES_AGGRESSIVE;
				CLANG_CXX_LANGUAGE_STANDARD = "gnu++14";
				CLANG_CXX_LIBRARY = "libc++";
				CLANG_ENABLE_MODULES = YES;
				CLANG_ENABLE_OBJC_ARC = YES;
				CLANG_ENABLE_OBJC_WEAK = YES;
				CLANG_WARN_BLOCK_CAPTURE_AUTORELEASING = YES;
				CLANG_WARN_BOOL_CONVERSION = YES;
				CLANG_WARN_COMMA = YES;
				CLANG_WARN_CONSTANT_CONVERSION = YES;
				CLANG_WARN_DEPRECATED_OBJC_IMPLEMENTATIONS = YES;
				CLANG_WARN_DIRECT_OBJC_ISA_USAGE = YES_ERROR;
				CLANG_WARN_DOCUMENTATION_COMMENTS = YES;
				CLANG_WARN_EMPTY_BODY = YES;
				CLANG_WARN_ENUM_CONVERSION = YES;
				CLANG_WARN_INFINITE_RECURSION = YES;
				CLANG_WARN_INT_CONVERSION = YES;
				CLANG_WARN_NON_LITERAL_NULL_CONVERSION = YES;
				CLANG_WARN_OBJC_IMPLICIT_RETAIN_SELF = YES;
				CLANG_WARN_OBJC_LITERAL_CONVERSION = YES;
				CLANG_WARN_OBJC_ROOT_CLASS = YES_ERROR;
				CLANG_WARN_RANGE_LOOP_ANALYSIS = YES;
				CLANG_WARN_STRICT_PROTOTYPES = YES;
				CLANG_WARN_SUSPICIOUS_MOVE = YES;
				CLANG_WARN_UNGUARDED_AVAILABILITY = YES_AGGRESSIVE;
				CLANG_WARN_UNREACHABLE_CODE = YES;
				CLANG_WARN__DUPLICATE_METHOD_MATCH = YES;
				CODE_SIGN_IDENTITY = "iPhone Developer";
				COPY_PHASE_STRIP = NO;
				DEBUG_INFORMATION_FORMAT = "dwarf-with-dsym";
				ENABLE_NS_ASSERTIONS = NO;
				ENABLE_STRICT_OBJC_MSGSEND = YES;
				GCC_C_LANGUAGE_STANDARD = gnu11;
				GCC_NO_COMMON_BLOCKS = YES;
				GCC_WARN_64_TO_32_BIT_CONVERSION = YES;
				GCC_WARN_ABOUT_RETURN_TYPE = YES_ERROR;
				GCC_WARN_UNDECLARED_SELECTOR = YES;
				GCC_WARN_UNINITIALIZED_AUTOS = YES_AGGRESSIVE;
				GCC_WARN_UNUSED_FUNCTION = YES;
				GCC_WARN_UNUSED_VARIABLE = YES;
				IPHONEOS_DEPLOYMENT_TARGET = 12.4;
				MTL_ENABLE_DEBUG_INFO = NO;
				MTL_FAST_MATH = YES;
				SDKROOT = iphoneos;
				VALIDATE_PRODUCT = YES;
			};
			name = Release;
		};
		5F5AAF4723837E18005D6432 /* Debug */ = {
			isa = XCBuildConfiguration;
			buildSettings = {
				ASSETCATALOG_COMPILER_APPICON_NAME = AppIcon;
				CODE_SIGN_STYLE = Automatic;
				INFOPLIST_FILE = ExtractAudioAndVideoFromVideoProject/Info.plist;
				LD_RUNPATH_SEARCH_PATHS = (
					"$(inherited)",
					"@executable_path/Frameworks",
				);
				PRODUCT_BUNDLE_IDENTIFIER = com.oc.shy.ExtractAudioAndVideoFromVideoProject;
				PRODUCT_NAME = "$(TARGET_NAME)";
				TARGETED_DEVICE_FAMILY = "1,2";
			};
			name = Debug;
		};
		5F5AAF4823837E18005D6432 /* Release */ = {
			isa = XCBuildConfiguration;
			buildSettings = {
				ASSETCATALOG_COMPILER_APPICON_NAME = AppIcon;
				CODE_SIGN_STYLE = Automatic;
				INFOPLIST_FILE = ExtractAudioAndVideoFromVideoProject/Info.plist;
				LD_RUNPATH_SEARCH_PATHS = (
					"$(inherited)",
					"@executable_path/Frameworks",
				);
				PRODUCT_BUNDLE_IDENTIFIER = com.oc.shy.ExtractAudioAndVideoFromVideoProject;
				PRODUCT_NAME = "$(TARGET_NAME)";
				TARGETED_DEVICE_FAMILY = "1,2";
			};
			name = Release;
		};
/* End XCBuildConfiguration section */

/* Begin XCConfigurationList section */
		5F5AAF2B23837E16005D6432 /* Build configuration list for PBXProject "ExtractAudioAndVideoFromVideoProject" */ = {
			isa = XCConfigurationList;
			buildConfigurations = (
				5F5AAF4423837E18005D6432 /* Debug */,
				5F5AAF4523837E18005D6432 /* Release */,
			);
			defaultConfigurationIsVisible = 0;
			defaultConfigurationName = Release;
		};
		5F5AAF4623837E18005D6432 /* Build configuration list for PBXNativeTarget "ExtractAudioAndVideoFromVideoProject" */ = {
			isa = XCConfigurationList;
			buildConfigurations = (
				5F5AAF4723837E18005D6432 /* Debug */,
				5F5AAF4823837E18005D6432 /* Release */,
			);
			defaultConfigurationIsVisible = 0;
			defaultConfigurationName = Release;
		};
/* End XCConfigurationList section */
	};
	rootObject = 5F5AAF2823837E16005D6432 /* Project object */;
}
